
Microsoft Visual Studio Solution File, Format Version 12.00
# Visual Studio Version 16
VisualStudioVersion = 16.0.29201.188
MinimumVisualStudioVersion = 10.0.40219.1
Project("{FAE04EC0-301F-11D3-BF4B-00C04F79EFBC}") = "FinalYearProjectDemo", "FinalYearProjectDemo.csproj", "{860B8E7D-1E5C-4B99-8B82-384F1F39E259}"
EndProject
Global
	GlobalSection(SolutionConfigurationPlatforms) = preSolution
		Debug|Any CPU = Debug|Any CPU
		Release|Any CPU = Release|Any CPU
	EndGlobalSection
	GlobalSection(ProjectConfigurationPlatforms) = postSolution
		{860B8E7D-1E5C-4B99-8B82-384F1F39E259}.Debug|Any CPU.ActiveCfg = Debug|Any CPU
		{860B8E7D-1E5C-4B99-8B82-384F1F39E259}.Debug|Any CPU.Build.0 = Debug|Any CPU
		{860B8E7D-1E5C-4B99-8B82-384F1F39E259}.Release|Any CPU.ActiveCfg = Release|Any CPU
		{860B8E7D-1E5C-4B99-8B82-384F1F39E259}.Release|Any CPU.Build.0 = Release|Any CPU
	EndGlobalSection
	GlobalSection(SolutionProperties) = preSolution
		HideSolutionNode = FALSE
	EndGlobalSection
	GlobalSection(ExtensibilityGlobals) = postSolution
		SolutionGuid = {FA5934EA-6F9C-466C-8290-E40EE303F688}
	EndGlobalSection
EndGlobal
